
Microsoft Visual Studio Solution File, Format Version 12.00
# Visual Studio Version 17
VisualStudioVersion = 17.4.33122.133
MinimumVisualStudioVersion = 10.0.40219.1
Project("{9A19103F-16F7-4668-BE54-9A1E7A4F7556}") = "TangyWeb_Server", "TangyWeb_Server\TangyWeb_Server.csproj", "{B6519A69-2E4F-4DE7-8DD4-36812877DDF0}"
EndProject
Project("{9A19103F-16F7-4668-BE54-9A1E7A4F7556}") = "TangyWeb_Client", "TangyWeb_Client\TangyWeb_Client.csproj", "{AC2F8C07-0E47-47FF-95D3-EE2861387917}"
EndProject
Project("{9A19103F-16F7-4668-BE54-9A1E7A4F7556}") = "Tangy_Models", "Tangy_Models\Tangy_Models.csproj", "{1FD138BC-2C70-4CEE-AE77-51E2FA121501}"
EndProject
Project("{9A19103F-16F7-4668-BE54-9A1E7A4F7556}") = "Tangy_Business", "Tangy_Business\Tangy_Business.csproj", "{DA09D5B1-51BF-4E07-85CA-0CF1E63ECBAC}"
EndProject
Project("{9A19103F-16F7-4668-BE54-9A1E7A4F7556}") = "Tangy_Common", "Tangy_Common\Tangy_Common.csproj", "{7A8C924C-75FC-40E6-A587-72BA0A0CAD6B}"
EndProject
Project("{9A19103F-16F7-4668-BE54-9A1E7A4F7556}") = "Tangy_DataAccess", "Tangy_DataAccess\Tangy_DataAccess.csproj", "{38A5B57C-3620-4AD8-9BDB-BAB70935AA42}"
EndProject
Project("{FAE04EC0-301F-11D3-BF4B-00C04F79EFBC}") = "TangyWeb_API", "TangyWeb_API\TangyWeb_API.csproj", "{CF4E136C-E697-45D3-B2C2-70702712D7E4}"
EndProject
Global
	GlobalSection(SolutionConfigurationPlatforms) = preSolution
		Debug|Any CPU = Debug|Any CPU
		Release|Any CPU = Release|Any CPU
	EndGlobalSection
	GlobalSection(ProjectConfigurationPlatforms) = postSolution
		{B6519A69-2E4F-4DE7-8DD4-36812877DDF0}.Debug|Any CPU.ActiveCfg = Debug|Any CPU
		{B6519A69-2E4F-4DE7-8DD4-36812877DDF0}.Debug|Any CPU.Build.0 = Debug|Any CPU
		{B6519A69-2E4F-4DE7-8DD4-36812877DDF0}.Release|Any CPU.ActiveCfg = Release|Any CPU
		{B6519A69-2E4F-4DE7-8DD4-36812877DDF0}.Release|Any CPU.Build.0 = Release|Any CPU
		{AC2F8C07-0E47-47FF-95D3-EE2861387917}.Debug|Any CPU.ActiveCfg = Debug|Any CPU
		{AC2F8C07-0E47-47FF-95D3-EE2861387917}.Debug|Any CPU.Build.0 = Debug|Any CPU
		{AC2F8C07-0E47-47FF-95D3-EE2861387917}.Release|Any CPU.ActiveCfg = Release|Any CPU
		{AC2F8C07-0E47-47FF-95D3-EE2861387917}.Release|Any CPU.Build.0 = Release|Any CPU
		{1FD138BC-2C70-4CEE-AE77-51E2FA121501}.Debug|Any CPU.ActiveCfg = Debug|Any CPU
		{1FD138BC-2C70-4CEE-AE77-51E2FA121501}.Debug|Any CPU.Build.0 = Debug|Any CPU
		{1FD138BC-2C70-4CEE-AE77-51E2FA121501}.Release|Any CPU.ActiveCfg = Release|Any CPU
		{1FD138BC-2C70-4CEE-AE77-51E2FA121501}.Release|Any CPU.Build.0 = Release|Any CPU
		{DA09D5B1-51BF-4E07-85CA-0CF1E63ECBAC}.Debug|Any CPU.ActiveCfg = Debug|Any CPU
		{DA09D5B1-51BF-4E07-85CA-0CF1E63ECBAC}.Debug|Any CPU.Build.0 = Debug|Any CPU
		{DA09D5B1-51BF-4E07-85CA-0CF1E63ECBAC}.Release|Any CPU.ActiveCfg = Release|Any CPU
		{DA09D5B1-51BF-4E07-85CA-0CF1E63ECBAC}.Release|Any CPU.Build.0 = Release|Any CPU
		{7A8C924C-75FC-40E6-A587-72BA0A0CAD6B}.Debug|Any CPU.ActiveCfg = Debug|Any CPU
		{7A8C924C-75FC-40E6-A587-72BA0A0CAD6B}.Debug|Any CPU.Build.0 = Debug|Any CPU
		{7A8C924C-75FC-40E6-A587-72BA0A0CAD6B}.Release|Any CPU.ActiveCfg = Release|Any CPU
		{7A8C924C-75FC-40E6-A587-72BA0A0CAD6B}.Release|Any CPU.Build.0 = Release|Any CPU
		{38A5B57C-3620-4AD8-9BDB-BAB70935AA42}.Debug|Any CPU.ActiveCfg = Debug|Any CPU
		{38A5B57C-3620-4AD8-9BDB-BAB70935AA42}.Debug|Any CPU.Build.0 = Debug|Any CPU
		{38A5B57C-3620-4AD8-9BDB-BAB70935AA42}.Release|Any CPU.ActiveCfg = Release|Any CPU
		{38A5B57C-3620-4AD8-9BDB-BAB70935AA42}.Release|Any CPU.Build.0 = Release|Any CPU
		{CF4E136C-E697-45D3-B2C2-70702712D7E4}.Debug|Any CPU.ActiveCfg = Debug|Any CPU
		{CF4E136C-E697-45D3-B2C2-70702712D7E4}.Debug|Any CPU.Build.0 = Debug|Any CPU
		{CF4E136C-E697-45D3-B2C2-70702712D7E4}.Release|Any CPU.ActiveCfg = Release|Any CPU
		{CF4E136C-E697-45D3-B2C2-70702712D7E4}.Release|Any CPU.Build.0 = Release|Any CPU
	EndGlobalSection
	GlobalSection(SolutionProperties) = preSolution
		HideSolutionNode = FALSE
	EndGlobalSection
	GlobalSection(ExtensibilityGlobals) = postSolution
		SolutionGuid = {BB605624-DAA2-4B87-9465-BE78554287EE}
	EndGlobalSection
EndGlobal
